
Microsoft Visual Studio Solution File, Format Version 12.00
# Visual Studio 2012
Project("{FAE04EC0-301F-11D3-BF4B-00C04F79EFBC}") = "Elastacloud.WindowsAzure.ActiveDirectory", "Elastacloud.WindowsAzure.ActiveDirectory\Elastacloud.WindowsAzure.ActiveDirectory.csproj", "{25AB3976-CD96-4B25-A892-41F1FF5CFF20}"
EndProject
Project("{FAE04EC0-301F-11D3-BF4B-00C04F79EFBC}") = "Elastacloud.WindowsAzure.ActiveDirectory.Test", "Elastacloud.WindowsAzure.ActiveDirectory.Test\Elastacloud.WindowsAzure.ActiveDirectory.Test.csproj", "{C28E2F87-F9FE-4754-8F36-FFE673CCDFEF}"
EndProject
Global
	GlobalSection(SolutionConfigurationPlatforms) = preSolution
		Debug|Any CPU = Debug|Any CPU
		Release|Any CPU = Release|Any CPU
	EndGlobalSection
	GlobalSection(ProjectConfigurationPlatforms) = postSolution
		{25AB3976-CD96-4B25-A892-41F1FF5CFF20}.Debug|Any CPU.ActiveCfg = Debug|Any CPU
		{25AB3976-CD96-4B25-A892-41F1FF5CFF20}.Debug|Any CPU.Build.0 = Debug|Any CPU
		{25AB3976-CD96-4B25-A892-41F1FF5CFF20}.Release|Any CPU.ActiveCfg = Release|Any CPU
		{25AB3976-CD96-4B25-A892-41F1FF5CFF20}.Release|Any CPU.Build.0 = Release|Any CPU
		{C28E2F87-F9FE-4754-8F36-FFE673CCDFEF}.Debug|Any CPU.ActiveCfg = Debug|Any CPU
		{C28E2F87-F9FE-4754-8F36-FFE673CCDFEF}.Debug|Any CPU.Build.0 = Debug|Any CPU
		{C28E2F87-F9FE-4754-8F36-FFE673CCDFEF}.Release|Any CPU.ActiveCfg = Release|Any CPU
		{C28E2F87-F9FE-4754-8F36-FFE673CCDFEF}.Release|Any CPU.Build.0 = Release|Any CPU
	EndGlobalSection
	GlobalSection(SolutionProperties) = preSolution
		HideSolutionNode = FALSE
	EndGlobalSection
EndGlobal
